#
# This file is autogenerated by pip-compile with Python 3.12
# by the following command:
#
#    pip-compile --allow-unsafe --generate-hashes --output-file=/Users/dubielvaldivia/Documents/khipus/skuld-projects/skuldbot-runner/requirements.build.lock --strip-extras /Users/dubielvaldivia/Documents/khipus/skuld-projects/skuldbot-runner/requirements.build.in
#
hatchling==1.27.0 \
    --hash=sha256:971c296d9819abb3811112fc52c7a9751c8d381898f36533bb16f9791e941fd6 \
    --hash=sha256:d3a2f3567c4f926ea39849cdf924c7e99e6686c9c8e288ae1037c8fa2a5d937b
    # via -r /Users/dubielvaldivia/Documents/khipus/skuld-projects/skuldbot-runner/requirements.build.in
packaging==26.1 \
    --hash=sha256:5d9c0669c6285e491e0ced2eee587eaf67b670d94a19e94e3984a481aba6802f \
    --hash=sha256:f042152b681c4bfac5cae2742a55e103d27ab2ec0f3d88037136b6bfe7c9c5de
    # via
    #   hatchling
    #   wheel
pathspec==1.1.0 \
    --hash=sha256:574b128f7456bd899045ccd142dd446af7e6cfd0072d63ad73fbc55fbb4aaa42 \
    --hash=sha256:f5d7c555da02fd8dde3e4a2354b6aba817a89112fa8f333f7917a2a4834dd080
    # via hatchling
pluggy==1.6.0 \
    --hash=sha256:7dcc130b76258d33b90f61b658791dede3486c3e6bfb003ee5c9bfb396dd22f3 \
    --hash=sha256:e920276dd6813095e9377c0bc5566d94c932c33b27a3e3945d8389c374dd4746
    # via hatchling
trove-classifiers==2026.1.14.14 \
    --hash=sha256:00492545a1402b09d4858605ba190ea33243d361e2b01c9c296ce06b5c3325f3 \
    --hash=sha256:1f9553927f18d0513d8e5ff80ab8980b8202ce37ecae0e3274ed2ef11880e74d
    # via hatchling
wheel==0.47.0 \
    --hash=sha256:212281cab4dff978f6cedd499cd893e1f620791ca6ff7107cf270781e587eced \
    --hash=sha256:cc72bd1009ba0cf63922e28f94d9d83b920aa2bb28f798a31d0691b02fa3c9b3
    # via -r /Users/dubielvaldivia/Documents/khipus/skuld-projects/skuldbot-runner/requirements.build.in

# The following packages are considered to be unsafe in a requirements file:
pip==26.0.1 \
    --hash=sha256:bdb1b08f4274833d62c1aa29e20907365a2ceb950410df15fc9521bad440122b \
    --hash=sha256:c4037d8a277c89b320abe636d59f91e6d0922d08a05b60e85e53b296613346d8
    # via -r /Users/dubielvaldivia/Documents/khipus/skuld-projects/skuldbot-runner/requirements.build.in
setuptools==82.0.1 \
    --hash=sha256:7d872682c5d01cfde07da7bccc7b65469d3dca203318515ada1de5eda35efbf9 \
    --hash=sha256:a59e362652f08dcd477c78bb6e7bd9d80a7995bc73ce773050228a348ce2e5bb
    # via -r /Users/dubielvaldivia/Documents/khipus/skuld-projects/skuldbot-runner/requirements.build.in
